{
  "name": "ICS4U-Unit1-Infinity-De-Guzman",
  "lockfileVersion": 3,
  "requires": true,
  "packages": {
    "": {
      "dependencies": {
        "bun-promptx": "^0.2.0"
      }
    },
    "node_modules/bun-promptx": {
      "version": "0.2.0",
      "resolved": "https://registry.npmjs.org/bun-promptx/-/bun-promptx-0.2.0.tgz",
      "integrity": "sha512-eb3i+vBi88pefyme+75If5hSBdXWYu9HYVWiOCUcKBu/AdF9qv/44CNTaxk6STnx4BW4BYzC5/n3msVuCtbmYA=="
    }
  }
}
